// !$*UTF8*$!
{
	archiveVersion = 1;
	classes = {
	};
	objectVersion = 56;
	objects = {

/* Begin PBXBuildFile section */
		4C3A2FED29AAA2CD00AEC6DB /* Theme.swift in Sources */ = {isa = PBXBuildFile; fileRef = 4C3A2FEC29AAA2CD00AEC6DB /* Theme.swift */; };
		4C3A2FEF29AAB2A500AEC6DB /* ToDo.swift in Sources */ = {isa = PBXBuildFile; fileRef = 4C3A2FEE29AAB2A500AEC6DB /* ToDo.swift */; };
		4C3A2FF129AABB3000AEC6DB /* CardView.swift in Sources */ = {isa = PBXBuildFile; fileRef = 4C3A2FF029AABB3000AEC6DB /* CardView.swift */; };
		4C3A2FFA29ABD45B00AEC6DB /* DatePickerView.swift in Sources */ = {isa = PBXBuildFile; fileRef = 4C3A2FF929ABD45B00AEC6DB /* DatePickerView.swift */; };
		4C3A2FFC29ABE82100AEC6DB /* ToDoForm.swift in Sources */ = {isa = PBXBuildFile; fileRef = 4C3A2FFB29ABE82100AEC6DB /* ToDoForm.swift */; };
		4C3A2FFE29AC251A00AEC6DB /* ToDoDisplay.swift in Sources */ = {isa = PBXBuildFile; fileRef = 4C3A2FFD29AC251A00AEC6DB /* ToDoDisplay.swift */; };
		4C94C51429A938A700EA60C3 /* ToDoPlannerApp.swift in Sources */ = {isa = PBXBuildFile; fileRef = 4C94C51329A938A700EA60C3 /* ToDoPlannerApp.swift */; };
		4C94C51629A938A700EA60C3 /* ContentView.swift in Sources */ = {isa = PBXBuildFile; fileRef = 4C94C51529A938A700EA60C3 /* ContentView.swift */; };
		4C94C51829A938A800EA60C3 /* Assets.xcassets in Resources */ = {isa = PBXBuildFile; fileRef = 4C94C51729A938A800EA60C3 /* Assets.xcassets */; };
		4C94C51B29A938A800EA60C3 /* Preview Assets.xcassets in Resources */ = {isa = PBXBuildFile; fileRef = 4C94C51A29A938A800EA60C3 /* Preview Assets.xcassets */; };
		4C94C52529A938A800EA60C3 /* ToDoPlannerTests.swift in Sources */ = {isa = PBXBuildFile; fileRef = 4C94C52429A938A800EA60C3 /* ToDoPlannerTests.swift */; };
		4C94C52F29A938A800EA60C3 /* ToDoPlannerUITests.swift in Sources */ = {isa = PBXBuildFile; fileRef = 4C94C52E29A938A800EA60C3 /* ToDoPlannerUITests.swift */; };
		4C94C53129A938A800EA60C3 /* ToDoPlannerUITestsLaunchTests.swift in Sources */ = {isa = PBXBuildFile; fileRef = 4C94C53029A938A800EA60C3 /* ToDoPlannerUITestsLaunchTests.swift */; };
		4C94C54129A961D500EA60C3 /* Launcher.storyboard in Resources */ = {isa = PBXBuildFile; fileRef = 4C94C54029A961D500EA60C3 /* Launcher.storyboard */; };
/* End PBXBuildFile section */

/* Begin PBXContainerItemProxy section */
		4C94C52129A938A800EA60C3 /* PBXContainerItemProxy */ = {
			isa = PBXContainerItemProxy;
			containerPortal = 4C94C50829A938A700EA60C3 /* Project object */;
			proxyType = 1;
			remoteGlobalIDString = 4C94C50F29A938A700EA60C3;
			remoteInfo = ToDoPlanner;
		};
		4C94C52B29A938A800EA60C3 /* PBXContainerItemProxy */ = {
			isa = PBXContainerItemProxy;
			containerPortal = 4C94C50829A938A700EA60C3 /* Project object */;
			proxyType = 1;
			remoteGlobalIDString = 4C94C50F29A938A700EA60C3;
			remoteInfo = ToDoPlanner;
		};
/* End PBXContainerItemProxy section */

/* Begin PBXFileReference section */
		4C3A2FEC29AAA2CD00AEC6DB /* Theme.swift */ = {isa = PBXFileReference; lastKnownFileType = sourcecode.swift; path = Theme.swift; sourceTree = "<group>"; };
		4C3A2FEE29AAB2A500AEC6DB /* ToDo.swift */ = {isa = PBXFileReference; lastKnownFileType = sourcecode.swift; path = ToDo.swift; sourceTree = "<group>"; };
		4C3A2FF029AABB3000AEC6DB /* CardView.swift */ = {isa = PBXFileReference; lastKnownFileType = sourcecode.swift; path = CardView.swift; sourceTree = "<group>"; };
		4C3A2FF929ABD45B00AEC6DB /* DatePickerView.swift */ = {isa = PBXFileReference; lastKnownFileType = sourcecode.swift; path = DatePickerView.swift; sourceTree = "<group>"; };
		4C3A2FFB29ABE82100AEC6DB /* ToDoForm.swift */ = {isa = PBXFileReference; lastKnownFileType = sourcecode.swift; path = ToDoForm.swift; sourceTree = "<group>"; };
		4C3A2FFD29AC251A00AEC6DB /* ToDoDisplay.swift */ = {isa = PBXFileReference; lastKnownFileType = sourcecode.swift; path = ToDoDisplay.swift; sourceTree = "<group>"; };
		4C94C51029A938A700EA60C3 /* ToDoPlanner.app */ = {isa = PBXFileReference; explicitFileType = wrapper.application; includeInIndex = 0; path = ToDoPlanner.app; sourceTree = BUILT_PRODUCTS_DIR; };
		4C94C51329A938A700EA60C3 /* ToDoPlannerApp.swift */ = {isa = PBXFileReference; lastKnownFileType = sourcecode.swift; path = ToDoPlannerApp.swift; sourceTree = "<group>"; };
		4C94C51529A938A700EA60C3 /* ContentView.swift */ = {isa = PBXFileReference; lastKnownFileType = sourcecode.swift; path = ContentView.swift; sourceTree = "<group>"; };
		4C94C51729A938A800EA60C3 /* Assets.xcassets */ = {isa = PBXFileReference; lastKnownFileType = folder.assetcatalog; path = Assets.xcassets; sourceTree = "<group>"; };
		4C94C51A29A938A800EA60C3 /* Preview Assets.xcassets */ = {isa = PBXFileReference; lastKnownFileType = folder.assetcatalog; path = "Preview Assets.xcassets"; sourceTree = "<group>"; };
		4C94C52029A938A800EA60C3 /* ToDoPlannerTests.xctest */ = {isa = PBXFileReference; explicitFileType = wrapper.cfbundle; includeInIndex = 0; path = ToDoPlannerTests.xctest; sourceTree = BUILT_PRODUCTS_DIR; };
		4C94C52429A938A800EA60C3 /* ToDoPlannerTests.swift */ = {isa = PBXFileReference; lastKnownFileType = sourcecode.swift; path = ToDoPlannerTests.swift; sourceTree = "<group>"; };
		4C94C52A29A938A800EA60C3 /* ToDoPlannerUITests.xctest */ = {isa = PBXFileReference; explicitFileType = wrapper.cfbundle; includeInIndex = 0; path = ToDoPlannerUITests.xctest; sourceTree = BUILT_PRODUCTS_DIR; };
		4C94C52E29A938A800EA60C3 /* ToDoPlannerUITests.swift */ = {isa = PBXFileReference; lastKnownFileType = sourcecode.swift; path = ToDoPlannerUITests.swift; sourceTree = "<group>"; };
		4C94C53029A938A800EA60C3 /* ToDoPlannerUITestsLaunchTests.swift */ = {isa = PBXFileReference; lastKnownFileType = sourcecode.swift; path = ToDoPlannerUITestsLaunchTests.swift; sourceTree = "<group>"; };
		4C94C54029A961D500EA60C3 /* Launcher.storyboard */ = {isa = PBXFileReference; lastKnownFileType = file.storyboard; path = Launcher.storyboard; sourceTree = "<group>"; };
/* End PBXFileReference section */

/* Begin PBXFrameworksBuildPhase section */
		4C94C50D29A938A700EA60C3 /* Frameworks */ = {
			isa = PBXFrameworksBuildPhase;
			buildActionMask = 2147483647;
			files = (
			);
			runOnlyForDeploymentPostprocessing = 0;
		};
		4C94C51D29A938A800EA60C3 /* Frameworks */ = {
			isa = PBXFrameworksBuildPhase;
			buildActionMask = 2147483647;
			files = (
			);
			runOnlyForDeploymentPostprocessing = 0;
		};
		4C94C52729A938A800EA60C3 /* Frameworks */ = {
			isa = PBXFrameworksBuildPhase;
			buildActionMask = 2147483647;
			files = (
			);
			runOnlyForDeploymentPostprocessing = 0;
		};
/* End PBXFrameworksBuildPhase section */

/* Begin PBXGroup section */
		4C3A2FEB29AAA2A100AEC6DB /* Models */ = {
			isa = PBXGroup;
			children = (
				4C3A2FEC29AAA2CD00AEC6DB /* Theme.swift */,
				4C3A2FEE29AAB2A500AEC6DB /* ToDo.swift */,
			);
			path = Models;
			sourceTree = "<group>";
		};
		4C3A2FF429ABCEBD00AEC6DB /* Views */ = {
			isa = PBXGroup;
			children = (
				4C94C51529A938A700EA60C3 /* ContentView.swift */,
				4C3A2FF029AABB3000AEC6DB /* CardView.swift */,
				4C3A2FF929ABD45B00AEC6DB /* DatePickerView.swift */,
				4C3A2FFB29ABE82100AEC6DB /* ToDoForm.swift */,
				4C3A2FFD29AC251A00AEC6DB /* ToDoDisplay.swift */,
			);
			path = Views;
			sourceTree = "<group>";
		};
		4C94C50729A938A700EA60C3 = {
			isa = PBXGroup;
			children = (
				4C94C54029A961D500EA60C3 /* Launcher.storyboard */,
				4C94C51229A938A700EA60C3 /* ToDoPlanner */,
				4C94C52329A938A800EA60C3 /* ToDoPlannerTests */,
				4C94C52D29A938A800EA60C3 /* ToDoPlannerUITests */,
				4C94C51129A938A700EA60C3 /* Products */,
			);
			sourceTree = "<group>";
		};
		4C94C51129A938A700EA60C3 /* Products */ = {
			isa = PBXGroup;
			children = (
				4C94C51029A938A700EA60C3 /* ToDoPlanner.app */,
				4C94C52029A938A800EA60C3 /* ToDoPlannerTests.xctest */,
				4C94C52A29A938A800EA60C3 /* ToDoPlannerUITests.xctest */,
			);
			name = Products;
			sourceTree = "<group>";
		};
		4C94C51229A938A700EA60C3 /* ToDoPlanner */ = {
			isa = PBXGroup;
			children = (
				4C3A2FF429ABCEBD00AEC6DB /* Views */,
				4C3A2FEB29AAA2A100AEC6DB /* Models */,
				4C94C51329A938A700EA60C3 /* ToDoPlannerApp.swift */,
				4C94C51729A938A800EA60C3 /* Assets.xcassets */,
				4C94C51929A938A800EA60C3 /* Preview Content */,
			);
			path = ToDoPlanner;
			sourceTree = "<group>";
		};
		4C94C51929A938A800EA60C3 /* Preview Content */ = {
			isa = PBXGroup;
			children = (
				4C94C51A29A938A800EA60C3 /* Preview Assets.xcassets */,
			);
			path = "Preview Content";
			sourceTree = "<group>";
		};
		4C94C52329A938A800EA60C3 /* ToDoPlannerTests */ = {
			isa = PBXGroup;
			children = (
				4C94C52429A938A800EA60C3 /* ToDoPlannerTests.swift */,
			);
			path = ToDoPlannerTests;
			sourceTree = "<group>";
		};
		4C94C52D29A938A800EA60C3 /* ToDoPlannerUITests */ = {
			isa = PBXGroup;
			children = (
				4C94C52E29A938A800EA60C3 /* ToDoPlannerUITests.swift */,
				4C94C53029A938A800EA60C3 /* ToDoPlannerUITestsLaunchTests.swift */,
			);
			path = ToDoPlannerUITests;
			sourceTree = "<group>";
		};
/* End PBXGroup section */

/* Begin PBXNativeTarget section */
		4C94C50F29A938A700EA60C3 /* ToDoPlanner */ = {
			isa = PBXNativeTarget;
			buildConfigurationList = 4C94C53429A938A800EA60C3 /* Build configuration list for PBXNativeTarget "ToDoPlanner" */;
			buildPhases = (
				4C94C50C29A938A700EA60C3 /* Sources */,
				4C94C50D29A938A700EA60C3 /* Frameworks */,
				4C94C50E29A938A700EA60C3 /* Resources */,
			);
			buildRules = (
			);
			dependencies = (
			);
			name = ToDoPlanner;
			productName = ToDoPlanner;
			productReference = 4C94C51029A938A700EA60C3 /* ToDoPlanner.app */;
			productType = "com.apple.product-type.application";
		};
		4C94C51F29A938A800EA60C3 /* ToDoPlannerTests */ = {
			isa = PBXNativeTarget;
			buildConfigurationList = 4C94C53729A938A800EA60C3 /* Build configuration list for PBXNativeTarget "ToDoPlannerTests" */;
			buildPhases = (
				4C94C51C29A938A800EA60C3 /* Sources */,
				4C94C51D29A938A800EA60C3 /* Frameworks */,
				4C94C51E29A938A800EA60C3 /* Resources */,
			);
			buildRules = (
			);
			dependencies = (
				4C94C52229A938A800EA60C3 /* PBXTargetDependency */,
			);
			name = ToDoPlannerTests;
			productName = ToDoPlannerTests;
			productReference = 4C94C52029A938A800EA60C3 /* ToDoPlannerTests.xctest */;
			productType = "com.apple.product-type.bundle.unit-test";
		};
		4C94C52929A938A800EA60C3 /* ToDoPlannerUITests */ = {
			isa = PBXNativeTarget;
			buildConfigurationList = 4C94C53A29A938A800EA60C3 /* Build configuration list for PBXNativeTarget "ToDoPlannerUITests" */;
			buildPhases = (
				4C94C52629A938A800EA60C3 /* Sources */,
				4C94C52729A938A800EA60C3 /* Frameworks */,
				4C94C52829A938A800EA60C3 /* Resources */,
			);
			buildRules = (
			);
			dependencies = (
				4C94C52C29A938A800EA60C3 /* PBXTargetDependency */,
			);
			name = ToDoPlannerUITests;
			productName = ToDoPlannerUITests;
			productReference = 4C94C52A29A938A800EA60C3 /* ToDoPlannerUITests.xctest */;
			productType = "com.apple.product-type.bundle.ui-testing";
		};
/* End PBXNativeTarget section */

/* Begin PBXProject section */
		4C94C50829A938A700EA60C3 /* Project object */ = {
			isa = PBXProject;
			attributes = {
				BuildIndependentTargetsInParallel = 1;
				LastSwiftUpdateCheck = 1420;
				LastUpgradeCheck = 1420;
				TargetAttributes = {
					4C94C50F29A938A700EA60C3 = {
						CreatedOnToolsVersion = 14.2;
					};
					4C94C51F29A938A800EA60C3 = {
						CreatedOnToolsVersion = 14.2;
						TestTargetID = 4C94C50F29A938A700EA60C3;
					};
					4C94C52929A938A800EA60C3 = {
						CreatedOnToolsVersion = 14.2;
						TestTargetID = 4C94C50F29A938A700EA60C3;
					};
				};
			};
			buildConfigurationList = 4C94C50B29A938A700EA60C3 /* Build configuration list for PBXProject "ToDoPlanner" */;
			compatibilityVersion = "Xcode 14.0";
			developmentRegion = en;
			hasScannedForEncodings = 0;
			knownRegions = (
				en,
				Base,
			);
			mainGroup = 4C94C50729A938A700EA60C3;
			productRefGroup = 4C94C51129A938A700EA60C3 /* Products */;
			projectDirPath = "";
			projectRoot = "";
			targets = (
				4C94C50F29A938A700EA60C3 /* ToDoPlanner */,
				4C94C51F29A938A800EA60C3 /* ToDoPlannerTests */,
				4C94C52929A938A800EA60C3 /* ToDoPlannerUITests */,
			);
		};
/* End PBXProject section */

/* Begin PBXResourcesBuildPhase section */
		4C94C50E29A938A700EA60C3 /* Resources */ = {
			isa = PBXResourcesBuildPhase;
			buildActionMask = 2147483647;
			files = (
				4C94C54129A961D500EA60C3 /* Launcher.storyboard in Resources */,
				4C94C51B29A938A800EA60C3 /* Preview Assets.xcassets in Resources */,
				4C94C51829A938A800EA60C3 /* Assets.xcassets in Resources */,
			);
			runOnlyForDeploymentPostprocessing = 0;
		};
		4C94C51E29A938A800EA60C3 /* Resources */ = {
			isa = PBXResourcesBuildPhase;
			buildActionMask = 2147483647;
			files = (
			);
			runOnlyForDeploymentPostprocessing = 0;
		};
		4C94C52829A938A800EA60C3 /* Resources */ = {
			isa = PBXResourcesBuildPhase;
			buildActionMask = 2147483647;
			files = (
			);
			runOnlyForDeploymentPostprocessing = 0;
		};
/* End PBXResourcesBuildPhase section */

/* Begin PBXSourcesBuildPhase section */
		4C94C50C29A938A700EA60C3 /* Sources */ = {
			isa = PBXSourcesBuildPhase;
			buildActionMask = 2147483647;
			files = (
				4C3A2FFE29AC251A00AEC6DB /* ToDoDisplay.swift in Sources */,
				4C3A2FFA29ABD45B00AEC6DB /* DatePickerView.swift in Sources */,
				4C3A2FFC29ABE82100AEC6DB /* ToDoForm.swift in Sources */,
				4C3A2FED29AAA2CD00AEC6DB /* Theme.swift in Sources */,
				4C94C51629A938A700EA60C3 /* ContentView.swift in Sources */,
				4C3A2FEF29AAB2A500AEC6DB /* ToDo.swift in Sources */,
				4C94C51429A938A700EA60C3 /* ToDoPlannerApp.swift in Sources */,
				4C3A2FF129AABB3000AEC6DB /* CardView.swift in Sources */,
			);
			runOnlyForDeploymentPostprocessing = 0;
		};
		4C94C51C29A938A800EA60C3 /* Sources */ = {
			isa = PBXSourcesBuildPhase;
			buildActionMask = 2147483647;
			files = (
				4C94C52529A938A800EA60C3 /* ToDoPlannerTests.swift in Sources */,
			);
			runOnlyForDeploymentPostprocessing = 0;
		};
		4C94C52629A938A800EA60C3 /* Sources */ = {
			isa = PBXSourcesBuildPhase;
			buildActionMask = 2147483647;
			files = (
				4C94C52F29A938A800EA60C3 /* ToDoPlannerUITests.swift in Sources */,
				4C94C53129A938A800EA60C3 /* ToDoPlannerUITestsLaunchTests.swift in Sources */,
			);
			runOnlyForDeploymentPostprocessing = 0;
		};
/* End PBXSourcesBuildPhase section */

/* Begin PBXTargetDependency section */
		4C94C52229A938A800EA60C3 /* PBXTargetDependency */ = {
			isa = PBXTargetDependency;
			target = 4C94C50F29A938A700EA60C3 /* ToDoPlanner */;
			targetProxy = 4C94C52129A938A800EA60C3 /* PBXContainerItemProxy */;
		};
		4C94C52C29A938A800EA60C3 /* PBXTargetDependency */ = {
			isa = PBXTargetDependency;
			target = 4C94C50F29A938A700EA60C3 /* ToDoPlanner */;
			targetProxy = 4C94C52B29A938A800EA60C3 /* PBXContainerItemProxy */;
		};
/* End PBXTargetDependency section */

/* Begin XCBuildConfiguration section */
		4C94C53229A938A800EA60C3 /* Debug */ = {
			isa = XCBuildConfiguration;
			buildSettings = {
				ALWAYS_SEARCH_USER_PATHS = NO;
				CLANG_ANALYZER_NONNULL = YES;
				CLANG_ANALYZER_NUMBER_OBJECT_CONVERSION = YES_AGGRESSIVE;
				CLANG_CXX_LANGUAGE_STANDARD = "gnu++20";
				CLANG_ENABLE_MODULES = YES;
				CLANG_ENABLE_OBJC_ARC = YES;
				CLANG_ENABLE_OBJC_WEAK = YES;
				CLANG_WARN_BLOCK_CAPTURE_AUTORELEASING = YES;
				CLANG_WARN_BOOL_CONVERSION = YES;
				CLANG_WARN_COMMA = YES;
				CLANG_WARN_CONSTANT_CONVERSION = YES;
				CLANG_WARN_DEPRECATED_OBJC_IMPLEMENTATIONS = YES;
				CLANG_WARN_DIRECT_OBJC_ISA_USAGE = YES_ERROR;
				CLANG_WARN_DOCUMENTATION_COMMENTS = YES;
				CLANG_WARN_EMPTY_BODY = YES;
				CLANG_WARN_ENUM_CONVERSION = YES;
				CLANG_WARN_INFINITE_RECURSION = YES;
				CLANG_WARN_INT_CONVERSION = YES;
				CLANG_WARN_NON_LITERAL_NULL_CONVERSION = YES;
				CLANG_WARN_OBJC_IMPLICIT_RETAIN_SELF = YES;
				CLANG_WARN_OBJC_LITERAL_CONVERSION = YES;
				CLANG_WARN_OBJC_ROOT_CLASS = YES_ERROR;
				CLANG_WARN_QUOTED_INCLUDE_IN_FRAMEWORK_HEADER = YES;
				CLANG_WARN_RANGE_LOOP_ANALYSIS = YES;
				CLANG_WARN_STRICT_PROTOTYPES = YES;
				CLANG_WARN_SUSPICIOUS_MOVE = YES;
				CLANG_WARN_UNGUARDED_AVAILABILITY = YES_AGGRESSIVE;
				CLANG_WARN_UNREACHABLE_CODE = YES;
				CLANG_WARN__DUPLICATE_METHOD_MATCH = YES;
				COPY_PHASE_STRIP = NO;
				DEBUG_INFORMATION_FORMAT = dwarf;
				ENABLE_STRICT_OBJC_MSGSEND = YES;
				ENABLE_TESTABILITY = YES;
				GCC_C_LANGUAGE_STANDARD = gnu11;
				GCC_DYNAMIC_NO_PIC = NO;
				GCC_NO_COMMON_BLOCKS = YES;
				GCC_OPTIMIZATION_LEVEL = 0;
				GCC_PREPROCESSOR_DEFINITIONS = (
					"DEBUG=1",
					"$(inherited)",
				);
				GCC_WARN_64_TO_32_BIT_CONVERSION = YES;
				GCC_WARN_ABOUT_RETURN_TYPE = YES_ERROR;
				GCC_WARN_UNDECLARED_SELECTOR = YES;
				GCC_WARN_UNINITIALIZED_AUTOS = YES_AGGRESSIVE;
				GCC_WARN_UNUSED_FUNCTION = YES;
				GCC_WARN_UNUSED_VARIABLE = YES;
				IPHONEOS_DEPLOYMENT_TARGET = 16.2;
				MTL_ENABLE_DEBUG_INFO = INCLUDE_SOURCE;
				MTL_FAST_MATH = YES;
				ONLY_ACTIVE_ARCH = YES;
				SDKROOT = iphoneos;
				SWIFT_ACTIVE_COMPILATION_CONDITIONS = DEBUG;
				SWIFT_OPTIMIZATION_LEVEL = "-Onone";
			};
			name = Debug;
		};
		4C94C53329A938A800EA60C3 /* Release */ = {
			isa = XCBuildConfiguration;
			buildSettings = {
				ALWAYS_SEARCH_USER_PATHS = NO;
				CLANG_ANALYZER_NONNULL = YES;
				CLANG_ANALYZER_NUMBER_OBJECT_CONVERSION = YES_AGGRESSIVE;
				CLANG_CXX_LANGUAGE_STANDARD = "gnu++20";
				CLANG_ENABLE_MODULES = YES;
				CLANG_ENABLE_OBJC_ARC = YES;
				CLANG_ENABLE_OBJC_WEAK = YES;
				CLANG_WARN_BLOCK_CAPTURE_AUTORELEASING = YES;
				CLANG_WARN_BOOL_CONVERSION = YES;
				CLANG_WARN_COMMA = YES;
				CLANG_WARN_CONSTANT_CONVERSION = YES;
				CLANG_WARN_DEPRECATED_OBJC_IMPLEMENTATIONS = YES;
				CLANG_WARN_DIRECT_OBJC_ISA_USAGE = YES_ERROR;
				CLANG_WARN_DOCUMENTATION_COMMENTS = YES;
				CLANG_WARN_EMPTY_BODY = YES;
				CLANG_WARN_ENUM_CONVERSION = YES;
				CLANG_WARN_INFINITE_RECURSION = YES;
				CLANG_WARN_INT_CONVERSION = YES;
				CLANG_WARN_NON_LITERAL_NULL_CONVERSION = YES;
				CLANG_WARN_OBJC_IMPLICIT_RETAIN_SELF = YES;
				CLANG_WARN_OBJC_LITERAL_CONVERSION = YES;
				CLANG_WARN_OBJC_ROOT_CLASS = YES_ERROR;
				CLANG_WARN_QUOTED_INCLUDE_IN_FRAMEWORK_HEADER = YES;
				CLANG_WARN_RANGE_LOOP_ANALYSIS = YES;
				CLANG_WARN_STRICT_PROTOTYPES = YES;
				CLANG_WARN_SUSPICIOUS_MOVE = YES;
				CLANG_WARN_UNGUARDED_AVAILABILITY = YES_AGGRESSIVE;
				CLANG_WARN_UNREACHABLE_CODE = YES;
				CLANG_WARN__DUPLICATE_METHOD_MATCH = YES;
				COPY_PHASE_STRIP = NO;
				DEBUG_INFORMATION_FORMAT = "dwarf-with-dsym";
				ENABLE_NS_ASSERTIONS = NO;
				ENABLE_STRICT_OBJC_MSGSEND = YES;
				GCC_C_LANGUAGE_STANDARD = gnu11;
				GCC_NO_COMMON_BLOCKS = YES;
				GCC_WARN_64_TO_32_BIT_CONVERSION = YES;
				GCC_WARN_ABOUT_RETURN_TYPE = YES_ERROR;
				GCC_WARN_UNDECLARED_SELECTOR = YES;
				GCC_WARN_UNINITIALIZED_AUTOS = YES_AGGRESSIVE;
				GCC_WARN_UNUSED_FUNCTION = YES;
				GCC_WARN_UNUSED_VARIABLE = YES;
				IPHONEOS_DEPLOYMENT_TARGET = 16.2;
				MTL_ENABLE_DEBUG_INFO = NO;
				MTL_FAST_MATH = YES;
				SDKROOT = iphoneos;
				SWIFT_COMPILATION_MODE = wholemodule;
				SWIFT_OPTIMIZATION_LEVEL = "-O";
				VALIDATE_PRODUCT = YES;
			};
			name = Release;
		};
		4C94C53529A938A800EA60C3 /* Debug */ = {
			isa = XCBuildConfiguration;
			buildSettings = {
				ASSETCATALOG_COMPILER_APPICON_NAME = AppIcon;
				ASSETCATALOG_COMPILER_GLOBAL_ACCENT_COLOR_NAME = AccentColor;
				CODE_SIGN_STYLE = Automatic;
				CURRENT_PROJECT_VERSION = 1;
				DEVELOPMENT_ASSET_PATHS = "\"ToDoPlanner/Preview Content\"";
				DEVELOPMENT_TEAM = 2LMWNN3A7H;
				ENABLE_PREVIEWS = YES;
				GENERATE_INFOPLIST_FILE = YES;
				INFOPLIST_FILE = ToDoPlanner/Info.plist;
				INFOPLIST_KEY_UIApplicationSceneManifest_Generation = YES;
				INFOPLIST_KEY_UIApplicationSupportsIndirectInputEvents = YES;
				INFOPLIST_KEY_UILaunchStoryboardName = Launcher.storyboard;
				INFOPLIST_KEY_UISupportedInterfaceOrientations_iPad = "UIInterfaceOrientationPortrait UIInterfaceOrientationPortraitUpsideDown UIInterfaceOrientationLandscapeLeft UIInterfaceOrientationLandscapeRight";
				INFOPLIST_KEY_UISupportedInterfaceOrientations_iPhone = "UIInterfaceOrientationPortrait UIInterfaceOrientationLandscapeLeft UIInterfaceOrientationLandscapeRight";
				LD_RUNPATH_SEARCH_PATHS = (
					"$(inherited)",
					"@executable_path/Frameworks",
				);
				MARKETING_VERSION = 1.0;
				PRODUCT_BUNDLE_IDENTIFIER = School.ToDoPlanner;
				PRODUCT_NAME = "$(TARGET_NAME)";
				SWIFT_EMIT_LOC_STRINGS = YES;
				SWIFT_VERSION = 5.0;
				TARGETED_DEVICE_FAMILY = "1,2";
			};
			name = Debug;
		};
		4C94C53629A938A800EA60C3 /* Release */ = {
			isa = XCBuildConfiguration;
			buildSettings = {
				ASSETCATALOG_COMPILER_APPICON_NAME = AppIcon;
				ASSETCATALOG_COMPILER_GLOBAL_ACCENT_COLOR_NAME = AccentColor;
				CODE_SIGN_STYLE = Automatic;
				CURRENT_PROJECT_VERSION = 1;
				DEVELOPMENT_ASSET_PATHS = "\"ToDoPlanner/Preview Content\"";
				DEVELOPMENT_TEAM = 2LMWNN3A7H;
				ENABLE_PREVIEWS = YES;
				GENERATE_INFOPLIST_FILE = YES;
				INFOPLIST_FILE = ToDoPlanner/Info.plist;
				INFOPLIST_KEY_UIApplicationSceneManifest_Generation = YES;
				INFOPLIST_KEY_UIApplicationSupportsIndirectInputEvents = YES;
				INFOPLIST_KEY_UILaunchStoryboardName = Launcher.storyboard;
				INFOPLIST_KEY_UISupportedInterfaceOrientations_iPad = "UIInterfaceOrientationPortrait UIInterfaceOrientationPortraitUpsideDown UIInterfaceOrientationLandscapeLeft UIInterfaceOrientationLandscapeRight";
				INFOPLIST_KEY_UISupportedInterfaceOrientations_iPhone = "UIInterfaceOrientationPortrait UIInterfaceOrientationLandscapeLeft UIInterfaceOrientationLandscapeRight";
				LD_RUNPATH_SEARCH_PATHS = (
					"$(inherited)",
					"@executable_path/Frameworks",
				);
				MARKETING_VERSION = 1.0;
				PRODUCT_BUNDLE_IDENTIFIER = School.ToDoPlanner;
				PRODUCT_NAME = "$(TARGET_NAME)";
				SWIFT_EMIT_LOC_STRINGS = YES;
				SWIFT_VERSION = 5.0;
				TARGETED_DEVICE_FAMILY = "1,2";
			};
			name = Release;
		};
		4C94C53829A938A800EA60C3 /* Debug */ = {
			isa = XCBuildConfiguration;
			buildSettings = {
				ALWAYS_EMBED_SWIFT_STANDARD_LIBRARIES = YES;
				BUNDLE_LOADER = "$(TEST_HOST)";
				CODE_SIGN_STYLE = Automatic;
				CURRENT_PROJECT_VERSION = 1;
				DEVELOPMENT_TEAM = 2LMWNN3A7H;
				GENERATE_INFOPLIST_FILE = YES;
				IPHONEOS_DEPLOYMENT_TARGET = 16.2;
				MARKETING_VERSION = 1.0;
				PRODUCT_BUNDLE_IDENTIFIER = School.ToDoPlannerTests;
				PRODUCT_NAME = "$(TARGET_NAME)";
				SWIFT_EMIT_LOC_STRINGS = NO;
				SWIFT_VERSION = 5.0;
				TARGETED_DEVICE_FAMILY = "1,2";
				TEST_HOST = "$(BUILT_PRODUCTS_DIR)/ToDoPlanner.app/$(BUNDLE_EXECUTABLE_FOLDER_PATH)/ToDoPlanner";
			};
			name = Debug;
		};
		4C94C53929A938A800EA60C3 /* Release */ = {
			isa = XCBuildConfiguration;
			buildSettings = {
				ALWAYS_EMBED_SWIFT_STANDARD_LIBRARIES = YES;
				BUNDLE_LOADER = "$(TEST_HOST)";
				CODE_SIGN_STYLE = Automatic;
				CURRENT_PROJECT_VERSION = 1;
				DEVELOPMENT_TEAM = 2LMWNN3A7H;
				GENERATE_INFOPLIST_FILE = YES;
				IPHONEOS_DEPLOYMENT_TARGET = 16.2;
				MARKETING_VERSION = 1.0;
				PRODUCT_BUNDLE_IDENTIFIER = School.ToDoPlannerTests;
				PRODUCT_NAME = "$(TARGET_NAME)";
				SWIFT_EMIT_LOC_STRINGS = NO;
				SWIFT_VERSION = 5.0;
				TARGETED_DEVICE_FAMILY = "1,2";
				TEST_HOST = "$(BUILT_PRODUCTS_DIR)/ToDoPlanner.app/$(BUNDLE_EXECUTABLE_FOLDER_PATH)/ToDoPlanner";
			};
			name = Release;
		};
		4C94C53B29A938A800EA60C3 /* Debug */ = {
			isa = XCBuildConfiguration;
			buildSettings = {
				ALWAYS_EMBED_SWIFT_STANDARD_LIBRARIES = YES;
				CODE_SIGN_STYLE = Automatic;
				CURRENT_PROJECT_VERSION = 1;
				DEVELOPMENT_TEAM = 2LMWNN3A7H;
				GENERATE_INFOPLIST_FILE = YES;
				MARKETING_VERSION = 1.0;
				PRODUCT_BUNDLE_IDENTIFIER = School.ToDoPlannerUITests;
				PRODUCT_NAME = "$(TARGET_NAME)";
				SWIFT_EMIT_LOC_STRINGS = NO;
				SWIFT_VERSION = 5.0;
				TARGETED_DEVICE_FAMILY = "1,2";
				TEST_TARGET_NAME = ToDoPlanner;
			};
			name = Debug;
		};
		4C94C53C29A938A800EA60C3 /* Release */ = {
			isa = XCBuildConfiguration;
			buildSettings = {
				ALWAYS_EMBED_SWIFT_STANDARD_LIBRARIES = YES;
				CODE_SIGN_STYLE = Automatic;
				CURRENT_PROJECT_VERSION = 1;
				DEVELOPMENT_TEAM = 2LMWNN3A7H;
				GENERATE_INFOPLIST_FILE = YES;
				MARKETING_VERSION = 1.0;
				PRODUCT_BUNDLE_IDENTIFIER = School.ToDoPlannerUITests;
				PRODUCT_NAME = "$(TARGET_NAME)";
				SWIFT_EMIT_LOC_STRINGS = NO;
				SWIFT_VERSION = 5.0;
				TARGETED_DEVICE_FAMILY = "1,2";
				TEST_TARGET_NAME = ToDoPlanner;
			};
			name = Release;
		};
/* End XCBuildConfiguration section */

/* Begin XCConfigurationList section */
		4C94C50B29A938A700EA60C3 /* Build configuration list for PBXProject "ToDoPlanner" */ = {
			isa = XCConfigurationList;
			buildConfigurations = (
				4C94C53229A938A800EA60C3 /* Debug */,
				4C94C53329A938A800EA60C3 /* Release */,
			);
			defaultConfigurationIsVisible = 0;
			defaultConfigurationName = Release;
		};
		4C94C53429A938A800EA60C3 /* Build configuration list for PBXNativeTarget "ToDoPlanner" */ = {
			isa = XCConfigurationList;
			buildConfigurations = (
				4C94C53529A938A800EA60C3 /* Debug */,
				4C94C53629A938A800EA60C3 /* Release */,
			);
			defaultConfigurationIsVisible = 0;
			defaultConfigurationName = Release;
		};
		4C94C53729A938A800EA60C3 /* Build configuration list for PBXNativeTarget "ToDoPlannerTests" */ = {
			isa = XCConfigurationList;
			buildConfigurations = (
				4C94C53829A938A800EA60C3 /* Debug */,
				4C94C53929A938A800EA60C3 /* Release */,
			);
			defaultConfigurationIsVisible = 0;
			defaultConfigurationName = Release;
		};
		4C94C53A29A938A800EA60C3 /* Build configuration list for PBXNativeTarget "ToDoPlannerUITests" */ = {
			isa = XCConfigurationList;
			buildConfigurations = (
				4C94C53B29A938A800EA60C3 /* Debug */,
				4C94C53C29A938A800EA60C3 /* Release */,
			);
			defaultConfigurationIsVisible = 0;
			defaultConfigurationName = Release;
		};
/* End XCConfigurationList section */
	};
	rootObject = 4C94C50829A938A700EA60C3 /* Project object */;
}
